PODS:
  - Bolts/Tasks (1.5.1)
  - Parse (1.11.0):
    - Bolts/Tasks (~> 1.5)
  - pop (1.0.8)

DEPENDENCIES:
  - Parse
  - pop (~> 1.0)

SPEC CHECKSUMS:
  Bolts: a12663244b1d3351c738882e71902fc74db54f64
  Parse: 886af46a0a677402f6374bb97ac212e795f70afe
  pop: bb773ae2c791ca2629de13b347e7a8b450fa6a57

COCOAPODS: 0.39.0
